
Microsoft Visual Studio Solution File, Format Version 12.00
# Visual Studio Version 17
VisualStudioVersion = 17.9.34728.123
MinimumVisualStudioVersion = 10.0.40219.1
Project("{FAE04EC0-301F-11D3-BF4B-00C04F79EFBC}") = "APQuiz", "APQuiz\APQuiz.csproj", "{3239587C-5F97-4679-A8B6-A4A5A4402CBD}"
EndProject
Global
	GlobalSection(SolutionConfigurationPlatforms) = preSolution
		Debug|Any CPU = Debug|Any CPU
		Release|Any CPU = Release|Any CPU
	EndGlobalSection
	GlobalSection(ProjectConfigurationPlatforms) = postSolution
		{3239587C-5F97-4679-A8B6-A4A5A4402CBD}.Debug|Any CPU.ActiveCfg = Debug|Any CPU
		{3239587C-5F97-4679-A8B6-A4A5A4402CBD}.Debug|Any CPU.Build.0 = Debug|Any CPU
		{3239587C-5F97-4679-A8B6-A4A5A4402CBD}.Release|Any CPU.ActiveCfg = Release|Any CPU
		{3239587C-5F97-4679-A8B6-A4A5A4402CBD}.Release|Any CPU.Build.0 = Release|Any CPU
	EndGlobalSection
	GlobalSection(SolutionProperties) = preSolution
		HideSolutionNode = FALSE
	EndGlobalSection
	GlobalSection(ExtensibilityGlobals) = postSolution
		SolutionGuid = {33BCBA0C-44FB-45DA-8933-2E21D18D32D0}
	EndGlobalSection
EndGlobal
